
Microsoft Visual Studio Solution File, Format Version 12.00
# Visual Studio 15
VisualStudioVersion = 15.0.26124.0
MinimumVisualStudioVersion = 15.0.26124.0
Project("{FAE04EC0-301F-11D3-BF4B-00C04F79EFBC}") = "PrimeService", "PrimeService\PrimeService.csproj", "{D36D0605-9B7A-4F4B-BACF-555FC9E6B88B}"
EndProject
Project("{FAE04EC0-301F-11D3-BF4B-00C04F79EFBC}") = "PrimeService.Tests", "PrimeService.Tests\PrimeService.Tests.csproj", "{97865799-CF14-4C47-B2F3-3FAFCCF4E14F}"
EndProject
Global
	GlobalSection(SolutionConfigurationPlatforms) = preSolution
		Debug|Any CPU = Debug|Any CPU
		Debug|x64 = Debug|x64
		Debug|x86 = Debug|x86
		Release|Any CPU = Release|Any CPU
		Release|x64 = Release|x64
		Release|x86 = Release|x86
	EndGlobalSection
	GlobalSection(SolutionProperties) = preSolution
		HideSolutionNode = FALSE
	EndGlobalSection
	GlobalSection(ProjectConfigurationPlatforms) = postSolution
		{D36D0605-9B7A-4F4B-BACF-555FC9E6B88B}.Debug|Any CPU.ActiveCfg = Debug|Any CPU
		{D36D0605-9B7A-4F4B-BACF-555FC9E6B88B}.Debug|Any CPU.Build.0 = Debug|Any CPU
		{D36D0605-9B7A-4F4B-BACF-555FC9E6B88B}.Debug|x64.ActiveCfg = Debug|Any CPU
		{D36D0605-9B7A-4F4B-BACF-555FC9E6B88B}.Debug|x64.Build.0 = Debug|Any CPU
		{D36D0605-9B7A-4F4B-BACF-555FC9E6B88B}.Debug|x86.ActiveCfg = Debug|Any CPU
		{D36D0605-9B7A-4F4B-BACF-555FC9E6B88B}.Debug|x86.Build.0 = Debug|Any CPU
		{D36D0605-9B7A-4F4B-BACF-555FC9E6B88B}.Release|Any CPU.ActiveCfg = Release|Any CPU
		{D36D0605-9B7A-4F4B-BACF-555FC9E6B88B}.Release|Any CPU.Build.0 = Release|Any CPU
		{D36D0605-9B7A-4F4B-BACF-555FC9E6B88B}.Release|x64.ActiveCfg = Release|Any CPU
		{D36D0605-9B7A-4F4B-BACF-555FC9E6B88B}.Release|x64.Build.0 = Release|Any CPU
		{D36D0605-9B7A-4F4B-BACF-555FC9E6B88B}.Release|x86.ActiveCfg = Release|Any CPU
		{D36D0605-9B7A-4F4B-BACF-555FC9E6B88B}.Release|x86.Build.0 = Release|Any CPU
		{97865799-CF14-4C47-B2F3-3FAFCCF4E14F}.Debug|Any CPU.ActiveCfg = Debug|Any CPU
		{97865799-CF14-4C47-B2F3-3FAFCCF4E14F}.Debug|Any CPU.Build.0 = Debug|Any CPU
		{97865799-CF14-4C47-B2F3-3FAFCCF4E14F}.Debug|x64.ActiveCfg = Debug|Any CPU
		{97865799-CF14-4C47-B2F3-3FAFCCF4E14F}.Debug|x64.Build.0 = Debug|Any CPU
		{97865799-CF14-4C47-B2F3-3FAFCCF4E14F}.Debug|x86.ActiveCfg = Debug|Any CPU
		{97865799-CF14-4C47-B2F3-3FAFCCF4E14F}.Debug|x86.Build.0 = Debug|Any CPU
		{97865799-CF14-4C47-B2F3-3FAFCCF4E14F}.Release|Any CPU.ActiveCfg = Release|Any CPU
		{97865799-CF14-4C47-B2F3-3FAFCCF4E14F}.Release|Any CPU.Build.0 = Release|Any CPU
		{97865799-CF14-4C47-B2F3-3FAFCCF4E14F}.Release|x64.ActiveCfg = Release|Any CPU
		{97865799-CF14-4C47-B2F3-3FAFCCF4E14F}.Release|x64.Build.0 = Release|Any CPU
		{97865799-CF14-4C47-B2F3-3FAFCCF4E14F}.Release|x86.ActiveCfg = Release|Any CPU
		{97865799-CF14-4C47-B2F3-3FAFCCF4E14F}.Release|x86.Build.0 = Release|Any CPU
	EndGlobalSection
EndGlobal
